
Microsoft Visual Studio Solution File, Format Version 12.00
# Visual Studio Version 17
VisualStudioVersion = 17.3.32922.545
MinimumVisualStudioVersion = 10.0.40219.1
Project("{FAE04EC0-301F-11D3-BF4B-00C04F79EFBC}") = "FileExploreProject", "FileExploreProject\FileExploreProject.csproj", "{48EB8A3D-47EB-4DDF-B2B9-8ED6F7E5F148}"
EndProject
Global
	GlobalSection(SolutionConfigurationPlatforms) = preSolution
		Debug|Any CPU = Debug|Any CPU
		Release|Any CPU = Release|Any CPU
	EndGlobalSection
	GlobalSection(ProjectConfigurationPlatforms) = postSolution
		{48EB8A3D-47EB-4DDF-B2B9-8ED6F7E5F148}.Debug|Any CPU.ActiveCfg = Debug|Any CPU
		{48EB8A3D-47EB-4DDF-B2B9-8ED6F7E5F148}.Debug|Any CPU.Build.0 = Debug|Any CPU
		{48EB8A3D-47EB-4DDF-B2B9-8ED6F7E5F148}.Release|Any CPU.ActiveCfg = Release|Any CPU
		{48EB8A3D-47EB-4DDF-B2B9-8ED6F7E5F148}.Release|Any CPU.Build.0 = Release|Any CPU
	EndGlobalSection
	GlobalSection(SolutionProperties) = preSolution
		HideSolutionNode = FALSE
	EndGlobalSection
	GlobalSection(ExtensibilityGlobals) = postSolution
		SolutionGuid = {2DAF19EB-83FF-4351-8E62-039DC22A2D05}
	EndGlobalSection
EndGlobal
